
Microsoft Visual Studio Solution File, Format Version 12.00
# Visual Studio Version 17
VisualStudioVersion = 17.4.33213.308
MinimumVisualStudioVersion = 10.0.40219.1
Project("{9A19103F-16F7-4668-BE54-9A1E7A4F7556}") = "ESchedule.Api", "src\ESchedule.Api\ESchedule.Api.csproj", "{EB95C841-A5FD-48AC-8EC7-BB328B6DCA95}"
EndProject
Project("{9A19103F-16F7-4668-BE54-9A1E7A4F7556}") = "ESchedule.Domain", "src\ESchedule.Domain\ESchedule.Domain.csproj", "{24FCEAD4-58BC-4608-84EC-B59BA98D732F}"
EndProject
Project("{9A19103F-16F7-4668-BE54-9A1E7A4F7556}") = "ESchedule.DataAccess", "src\ESchedule.DataAccess\ESchedule.DataAccess.csproj", "{0DA51E0B-C618-4CFA-A850-2D15B46CACDA}"
EndProject
Project("{9A19103F-16F7-4668-BE54-9A1E7A4F7556}") = "ESchedule.Startup", "src\ESchedule.Startup\ESchedule.Startup.csproj", "{A81719E5-3463-4A81-8492-A4D104691747}"
EndProject
Project("{9A19103F-16F7-4668-BE54-9A1E7A4F7556}") = "ESchedule.Api.Models", "src\ESchedule.Api.Models\ESchedule.Api.Models.csproj", "{C4464C43-DFAE-4D2B-9A6F-F32D2B4AE404}"
EndProject
Project("{9A19103F-16F7-4668-BE54-9A1E7A4F7556}") = "ESchedule.Business", "src\ESchedule.Business\ESchedule.Business.csproj", "{26C09738-9F8D-4311-9555-BFFB9643C2C0}"
EndProject
Project("{E53339B2-1760-4266-BCC7-CA923CBCF16C}") = "docker-compose", "docker-compose.dcproj", "{B0FAE382-786E-485D-964E-9FBF860D6DA5}"
EndProject
Project("{2150E333-8FDC-42A3-9474-1A3956D46DE8}") = "Solution Items", "Solution Items", "{BC6B52C4-E7FE-47BB-B265-916F10B5C2F9}"
	ProjectSection(SolutionItems) = preProject
		.editorconfig = .editorconfig
		Directory.Packages.props = Directory.Packages.props
	EndProjectSection
EndProject
Project("{2150E333-8FDC-42A3-9474-1A3956D46DE8}") = "tests", "tests", "{87EA4C4B-D3E3-4468-BA89-F2E4E28D15F5}"
EndProject
Project("{FAE04EC0-301F-11D3-BF4B-00C04F79EFBC}") = "ESchedule.UnitTestsHelpers", "tests\ESchedule.UnitTestsHelpers\ESchedule.UnitTestsHelpers.csproj", "{5EA9A13D-1935-4558-918B-DEE15F09D9D3}"
EndProject
Project("{FAE04EC0-301F-11D3-BF4B-00C04F79EFBC}") = "ESchedule.Business.UnitTests", "tests\ESchedule.Business.UnitTests\ESchedule.Business.UnitTests.csproj", "{D3B09304-AA07-4808-A252-D78F93C1661A}"
EndProject
Project("{FAE04EC0-301F-11D3-BF4B-00C04F79EFBC}") = "PowerInfrastructure", "src\PowerInfrastructure\PowerInfrastructure.csproj", "{9AE81C78-F24F-4629-A203-B8527A03509C}"
EndProject
Project("{FAE04EC0-301F-11D3-BF4B-00C04F79EFBC}") = "PowerInfrastructure.UnitTests", "tests\PowerInfrastructure.UnitTests\PowerInfrastructure.UnitTests.csproj", "{5DCC13F1-FDFA-4E2F-B56C-19DA3ACDD644}"
EndProject
Global
	GlobalSection(SolutionConfigurationPlatforms) = preSolution
		Debug|Any CPU = Debug|Any CPU
		Release|Any CPU = Release|Any CPU
	EndGlobalSection
	GlobalSection(ProjectConfigurationPlatforms) = postSolution
		{EB95C841-A5FD-48AC-8EC7-BB328B6DCA95}.Debug|Any CPU.ActiveCfg = Debug|Any CPU
		{EB95C841-A5FD-48AC-8EC7-BB328B6DCA95}.Debug|Any CPU.Build.0 = Debug|Any CPU
		{EB95C841-A5FD-48AC-8EC7-BB328B6DCA95}.Release|Any CPU.ActiveCfg = Release|Any CPU
		{EB95C841-A5FD-48AC-8EC7-BB328B6DCA95}.Release|Any CPU.Build.0 = Release|Any CPU
		{24FCEAD4-58BC-4608-84EC-B59BA98D732F}.Debug|Any CPU.ActiveCfg = Debug|Any CPU
		{24FCEAD4-58BC-4608-84EC-B59BA98D732F}.Debug|Any CPU.Build.0 = Debug|Any CPU
		{24FCEAD4-58BC-4608-84EC-B59BA98D732F}.Release|Any CPU.ActiveCfg = Release|Any CPU
		{24FCEAD4-58BC-4608-84EC-B59BA98D732F}.Release|Any CPU.Build.0 = Release|Any CPU
		{0DA51E0B-C618-4CFA-A850-2D15B46CACDA}.Debug|Any CPU.ActiveCfg = Debug|Any CPU
		{0DA51E0B-C618-4CFA-A850-2D15B46CACDA}.Debug|Any CPU.Build.0 = Debug|Any CPU
		{0DA51E0B-C618-4CFA-A850-2D15B46CACDA}.Release|Any CPU.ActiveCfg = Release|Any CPU
		{0DA51E0B-C618-4CFA-A850-2D15B46CACDA}.Release|Any CPU.Build.0 = Release|Any CPU
		{A81719E5-3463-4A81-8492-A4D104691747}.Debug|Any CPU.ActiveCfg = Debug|Any CPU
		{A81719E5-3463-4A81-8492-A4D104691747}.Debug|Any CPU.Build.0 = Debug|Any CPU
		{A81719E5-3463-4A81-8492-A4D104691747}.Release|Any CPU.ActiveCfg = Release|Any CPU
		{A81719E5-3463-4A81-8492-A4D104691747}.Release|Any CPU.Build.0 = Release|Any CPU
		{C4464C43-DFAE-4D2B-9A6F-F32D2B4AE404}.Debug|Any CPU.ActiveCfg = Debug|Any CPU
		{C4464C43-DFAE-4D2B-9A6F-F32D2B4AE404}.Debug|Any CPU.Build.0 = Debug|Any CPU
		{C4464C43-DFAE-4D2B-9A6F-F32D2B4AE404}.Release|Any CPU.ActiveCfg = Release|Any CPU
		{C4464C43-DFAE-4D2B-9A6F-F32D2B4AE404}.Release|Any CPU.Build.0 = Release|Any CPU
		{26C09738-9F8D-4311-9555-BFFB9643C2C0}.Debug|Any CPU.ActiveCfg = Debug|Any CPU
		{26C09738-9F8D-4311-9555-BFFB9643C2C0}.Debug|Any CPU.Build.0 = Debug|Any CPU
		{26C09738-9F8D-4311-9555-BFFB9643C2C0}.Release|Any CPU.ActiveCfg = Release|Any CPU
		{26C09738-9F8D-4311-9555-BFFB9643C2C0}.Release|Any CPU.Build.0 = Release|Any CPU
		{B0FAE382-786E-485D-964E-9FBF860D6DA5}.Debug|Any CPU.ActiveCfg = Debug|Any CPU
		{B0FAE382-786E-485D-964E-9FBF860D6DA5}.Debug|Any CPU.Build.0 = Debug|Any CPU
		{B0FAE382-786E-485D-964E-9FBF860D6DA5}.Release|Any CPU.ActiveCfg = Release|Any CPU
		{B0FAE382-786E-485D-964E-9FBF860D6DA5}.Release|Any CPU.Build.0 = Release|Any CPU
		{5EA9A13D-1935-4558-918B-DEE15F09D9D3}.Debug|Any CPU.ActiveCfg = Debug|Any CPU
		{5EA9A13D-1935-4558-918B-DEE15F09D9D3}.Debug|Any CPU.Build.0 = Debug|Any CPU
		{5EA9A13D-1935-4558-918B-DEE15F09D9D3}.Release|Any CPU.ActiveCfg = Release|Any CPU
		{5EA9A13D-1935-4558-918B-DEE15F09D9D3}.Release|Any CPU.Build.0 = Release|Any CPU
		{D3B09304-AA07-4808-A252-D78F93C1661A}.Debug|Any CPU.ActiveCfg = Debug|Any CPU
		{D3B09304-AA07-4808-A252-D78F93C1661A}.Debug|Any CPU.Build.0 = Debug|Any CPU
		{D3B09304-AA07-4808-A252-D78F93C1661A}.Release|Any CPU.ActiveCfg = Release|Any CPU
		{D3B09304-AA07-4808-A252-D78F93C1661A}.Release|Any CPU.Build.0 = Release|Any CPU
		{9AE81C78-F24F-4629-A203-B8527A03509C}.Debug|Any CPU.ActiveCfg = Debug|Any CPU
		{9AE81C78-F24F-4629-A203-B8527A03509C}.Debug|Any CPU.Build.0 = Debug|Any CPU
		{9AE81C78-F24F-4629-A203-B8527A03509C}.Release|Any CPU.ActiveCfg = Release|Any CPU
		{9AE81C78-F24F-4629-A203-B8527A03509C}.Release|Any CPU.Build.0 = Release|Any CPU
		{5DCC13F1-FDFA-4E2F-B56C-19DA3ACDD644}.Debug|Any CPU.ActiveCfg = Debug|Any CPU
		{5DCC13F1-FDFA-4E2F-B56C-19DA3ACDD644}.Debug|Any CPU.Build.0 = Debug|Any CPU
		{5DCC13F1-FDFA-4E2F-B56C-19DA3ACDD644}.Release|Any CPU.ActiveCfg = Release|Any CPU
		{5DCC13F1-FDFA-4E2F-B56C-19DA3ACDD644}.Release|Any CPU.Build.0 = Release|Any CPU
	EndGlobalSection
	GlobalSection(SolutionProperties) = preSolution
		HideSolutionNode = FALSE
	EndGlobalSection
	GlobalSection(NestedProjects) = preSolution
		{5EA9A13D-1935-4558-918B-DEE15F09D9D3} = {87EA4C4B-D3E3-4468-BA89-F2E4E28D15F5}
		{D3B09304-AA07-4808-A252-D78F93C1661A} = {87EA4C4B-D3E3-4468-BA89-F2E4E28D15F5}
		{5DCC13F1-FDFA-4E2F-B56C-19DA3ACDD644} = {87EA4C4B-D3E3-4468-BA89-F2E4E28D15F5}
	EndGlobalSection
	GlobalSection(ExtensibilityGlobals) = postSolution
		SolutionGuid = {15E7DC10-486F-457D-A7C9-63AB04ADD0D9}
	EndGlobalSection
EndGlobal
