
Microsoft Visual Studio Solution File, Format Version 12.00
# Visual Studio Version 17
VisualStudioVersion = 17.4.33213.308
MinimumVisualStudioVersion = 10.0.40219.1
Project("{9A19103F-16F7-4668-BE54-9A1E7A4F7556}") = "ESchedule.Api", "ESchedule.Api\ESchedule.Api.csproj", "{EB95C841-A5FD-48AC-8EC7-BB328B6DCA95}"
EndProject
Project("{FAE04EC0-301F-11D3-BF4B-00C04F79EFBC}") = "ESchedule.Domain", "ESchedule.Domain\ESchedule.Domain.csproj", "{24FCEAD4-58BC-4608-84EC-B59BA98D732F}"
EndProject
Project("{FAE04EC0-301F-11D3-BF4B-00C04F79EFBC}") = "ESchedule.DataAccess", "ESchedule.DataAccess\ESchedule.DataAccess.csproj", "{0DA51E0B-C618-4CFA-A850-2D15B46CACDA}"
EndProject
Project("{FAE04EC0-301F-11D3-BF4B-00C04F79EFBC}") = "ESchedule.Startup", "ESchedule.Startup\ESchedule.Startup.csproj", "{A81719E5-3463-4A81-8492-A4D104691747}"
EndProject
Global
	GlobalSection(SolutionConfigurationPlatforms) = preSolution
		Debug|Any CPU = Debug|Any CPU
		Release|Any CPU = Release|Any CPU
	EndGlobalSection
	GlobalSection(ProjectConfigurationPlatforms) = postSolution
		{EB95C841-A5FD-48AC-8EC7-BB328B6DCA95}.Debug|Any CPU.ActiveCfg = Debug|Any CPU
		{EB95C841-A5FD-48AC-8EC7-BB328B6DCA95}.Debug|Any CPU.Build.0 = Debug|Any CPU
		{EB95C841-A5FD-48AC-8EC7-BB328B6DCA95}.Release|Any CPU.ActiveCfg = Release|Any CPU
		{EB95C841-A5FD-48AC-8EC7-BB328B6DCA95}.Release|Any CPU.Build.0 = Release|Any CPU
		{24FCEAD4-58BC-4608-84EC-B59BA98D732F}.Debug|Any CPU.ActiveCfg = Debug|Any CPU
		{24FCEAD4-58BC-4608-84EC-B59BA98D732F}.Debug|Any CPU.Build.0 = Debug|Any CPU
		{24FCEAD4-58BC-4608-84EC-B59BA98D732F}.Release|Any CPU.ActiveCfg = Release|Any CPU
		{24FCEAD4-58BC-4608-84EC-B59BA98D732F}.Release|Any CPU.Build.0 = Release|Any CPU
		{0DA51E0B-C618-4CFA-A850-2D15B46CACDA}.Debug|Any CPU.ActiveCfg = Debug|Any CPU
		{0DA51E0B-C618-4CFA-A850-2D15B46CACDA}.Debug|Any CPU.Build.0 = Debug|Any CPU
		{0DA51E0B-C618-4CFA-A850-2D15B46CACDA}.Release|Any CPU.ActiveCfg = Release|Any CPU
		{0DA51E0B-C618-4CFA-A850-2D15B46CACDA}.Release|Any CPU.Build.0 = Release|Any CPU
		{A81719E5-3463-4A81-8492-A4D104691747}.Debug|Any CPU.ActiveCfg = Debug|Any CPU
		{A81719E5-3463-4A81-8492-A4D104691747}.Debug|Any CPU.Build.0 = Debug|Any CPU
		{A81719E5-3463-4A81-8492-A4D104691747}.Release|Any CPU.ActiveCfg = Release|Any CPU
		{A81719E5-3463-4A81-8492-A4D104691747}.Release|Any CPU.Build.0 = Release|Any CPU
	EndGlobalSection
	GlobalSection(SolutionProperties) = preSolution
		HideSolutionNode = FALSE
	EndGlobalSection
	GlobalSection(ExtensibilityGlobals) = postSolution
		SolutionGuid = {15E7DC10-486F-457D-A7C9-63AB04ADD0D9}
	EndGlobalSection
EndGlobal
